
Microsoft Visual Studio Solution File, Format Version 11.00
# Visual Studio 2010
Project("{FAE04EC0-301F-11D3-BF4B-00C04F79EFBC}") = "Assembly-CSharp", "Assembly-CSharp.csproj", "{97cdfab1-e93e-32c8-b5b3-33695b381fd9}"
EndProject
Project("{FAE04EC0-301F-11D3-BF4B-00C04F79EFBC}") = "Assembly-CSharp-Editor", "Assembly-CSharp-Editor.csproj", "{6b0d6b8c-1a1a-77c9-54a4-d37f72f2ac83}"
EndProject
Global
	GlobalSection(SolutionConfigurationPlatforms) = preSolution
		Debug|Any CPU = Debug|Any CPU
	EndGlobalSection
	GlobalSection(ProjectConfigurationPlatforms) = postSolution
		{97cdfab1-e93e-32c8-b5b3-33695b381fd9}.Debug|Any CPU.ActiveCfg = Debug|Any CPU
		{97cdfab1-e93e-32c8-b5b3-33695b381fd9}.Debug|Any CPU.Build.0 = Debug|Any CPU
		{6b0d6b8c-1a1a-77c9-54a4-d37f72f2ac83}.Debug|Any CPU.ActiveCfg = Debug|Any CPU
		{6b0d6b8c-1a1a-77c9-54a4-d37f72f2ac83}.Debug|Any CPU.Build.0 = Debug|Any CPU
	EndGlobalSection
	GlobalSection(SolutionProperties) = preSolution
		HideSolutionNode = FALSE
	EndGlobalSection
EndGlobal
